<?xml version="1.0" encoding="utf-8"?>
<Project ToolsVersion="4.0" xmlns="http://schemas.microsoft.com/developer/msbuild/2003">
  <ItemGroup>
    <ClCompile Include="AStar.cpp" />
    <ClCompile Include="Button.cpp" />
    <ClCompile Include="Cell.cpp" />
    <ClCompile Include="config.cpp" />
    <ClCompile Include="Constants.cpp" />
    <ClCompile Include="EditorToolbar.cpp" />
    <ClCompile Include="Enums.cpp" />
    <ClCompile Include="GameEngine.cpp" />
    <ClCompile Include="Heuristics.cpp" />
    <ClCompile Include="logger.cpp" />
    <ClCompile Include="main.cpp" />
    <ClCompile Include="Maze.cpp" />
    <ClCompile Include="MazeGenerator.cpp" />
    <ClCompile Include="Point.cpp" />
    <ClCompile Include="Robot.cpp" />
    <ClCompile Include="SimpleJSON.cpp" />
    <ClCompile Include="Slider.cpp" />
    <ClCompile Include="TextInput.cpp" />
    <ClCompile Include="ControlPanelWidget.cpp" />
    <ClCompile Include="MazeWidget.cpp" />
  </ItemGroup>
  <ItemGroup>
    <ClInclude Include="AStar.h" />
    <ClInclude Include="Button.h" />
    <ClInclude Include="Cell.h" />
    <ClInclude Include="config.h" />
    <ClInclude Include="Constants.h" />
    <ClInclude Include="EditorToolbar.h" />
    <ClInclude Include="Enums.h" />
    <ClInclude Include="GameEngine.h" />
    <ClInclude Include="Heuristics.h" />
    <ClInclude Include="logger.h" />
    <ClInclude Include="Maze.h" />
    <ClInclude Include="MazeGenerator.h" />
    <ClInclude Include="Point.h" />
    <ClInclude Include="Robot.h" />
    <ClInclude Include="SimpleJSON.h" />
    <ClInclude Include="Slider.h" />
    <ClInclude Include="TextInput.h" />
    <ClInclude Include="UIComponents.h" />
    <ClInclude Include="ControlPanelWidget.h" />
    <ClInclude Include="MazeWidget.h" />
  </ItemGroup>
  <ItemGroup>
    <Text Include="CMakeLists.txt" />
  </ItemGroup>
</Project>