<?xml version="1.0" encoding="utf-8"?>
<Project ToolsVersion="4.0" xmlns="http://schemas.microsoft.com/developer/msbuild/2003">
  <ItemGroup>
    <ClCompile Include="AStar.cpp" />
    <ClCompile Include="Button.cpp" />
    <ClCompile Include="Cell.cpp" />
    <ClCompile Include="config.cpp" />
    <ClCompile Include="Constants.cpp" />
    <ClCompile Include="EditorToolbar.cpp" />
    <ClCompile Include="Enums.cpp" />
    <ClCompile Include="GameEngine.cpp" />
    <ClCompile Include="Heuristics.cpp" />
    <ClCompile Include="logger.cpp" />
    <ClCompile Include="main.cpp" />
    <ClCompile Include="Maze.cpp" />
    <ClCompile Include="MazeGenerator.cpp" />
    <ClCompile Include="Point.cpp" />
    <ClCompile Include="Robot.cpp" />
    <ClCompile Include="SimpleJSON.cpp" />
    <ClCompile Include="Slider.cpp" />
    <ClCompile Include="TextInput.cpp" />
    <ClCompile Include="ControlPanelWidget.cpp" />
    <ClCompile Include="MazeWidget.cpp" />
    <ClCompile Include="MazeEditor.cpp" />
    <ClCompile Include="QLearning.cpp" />
    <ClCompile Include="LearningRobot.cpp" />
    <ClCompile Include="test_learning.cpp" />
    <ClCompile Include="NeuralNetwork.cpp" />
    <ClCompile Include="ExperienceReplay.cpp" />
    <ClCompile Include="DeepQLearning.cpp" />
    <ClCompile Include="TrainingVisualizer.cpp" />
    <ClCompile Include="EvolutionaryAStar.cpp" />
    <ClCompile Include="MetaLearner.cpp" />
    <ClCompile Include="PerformanceDashboard.cpp" />
    <ClCompile Include="TextureManager.cpp" />
    <ClCompile Include="SoundManager.cpp" />
    <ClCompile Include="MazeBrowser.cpp" />
    <ClCompile Include="MazeBrowserWindow.cpp" />
    <ClCompile Include="TitleBar.cpp" />
  </ItemGroup>
  <ItemGroup>
    <ClInclude Include="AStar.h" />
    <ClInclude Include="Button.h" />
    <ClInclude Include="Cell.h" />
    <ClInclude Include="config.h" />
    <ClInclude Include="Constants.h" />
    <ClInclude Include="EditorToolbar.h" />
    <ClInclude Include="Enums.h" />
    <ClInclude Include="GameEngine.h" />
    <ClInclude Include="Heuristics.h" />
    <ClInclude Include="logger.h" />
    <ClInclude Include="Maze.h" />
    <ClInclude Include="MazeGenerator.h" />
    <ClInclude Include="Point.h" />
    <ClInclude Include="Robot.h" />
    <ClInclude Include="SimpleJSON.h" />
    <ClInclude Include="Slider.h" />
    <ClInclude Include="TextInput.h" />
    <ClInclude Include="UIComponents.h" />
    <ClInclude Include="ControlPanelWidget.h" />
    <ClInclude Include="MazeWidget.h" />
    <ClInclude Include="MazeEditor.h" />
    <ClInclude Include="QLearning.h" />
    <ClInclude Include="LearningRobot.h" />
    <ClInclude Include="test_learning.h" />
    <ClInclude Include="NeuralNetwork.h" />
    <ClInclude Include="ExperienceReplay.h" />
    <ClInclude Include="DeepQLearning.h" />
    <ClInclude Include="TrainingVisualizer.h" />
    <ClInclude Include="EvolutionaryAStar.h" />
    <ClInclude Include="MetaLearner.h" />
    <ClInclude Include="PerformanceDashboard.h" />
    <ClInclude Include="TextureManager.h" />
    <ClInclude Include="SoundManager.h" />
    <ClInclude Include="MazeBrowser.h" />
    <ClInclude Include="C:\Users\HP\Downloads\json.hpp" />
    <ClInclude Include="MazeBrowserWindow.h" />
    <ClInclude Include="TitleBar.h" />
  </ItemGroup>
  <ItemGroup>
    <Text Include="CMakeLists.txt" />
  </ItemGroup>
  <ItemGroup>
    <Media Include="C:\Users\HP\Downloads\background_music.wav" />
    <Media Include="C:\Users\HP\Downloads\click.wav" />
  </ItemGroup>
  <ItemGroup>
    <None Include="test_maze.json" />
  </ItemGroup>
</Project>